
Microsoft Visual Studio Solution File, Format Version 12.00
# Visual Studio Version 17
VisualStudioVersion = 17.8.34511.84
MinimumVisualStudioVersion = 10.0.40219.1
Project("{FAE04EC0-301F-11D3-BF4B-00C04F79EFBC}") = "MinimalApi", "MinimalApi\MinimalApi.csproj", "{1F9EDDCD-6651-4E83-BC80-7891D3ADFACD}"
EndProject
Global
	GlobalSection(SolutionConfigurationPlatforms) = preSolution
		Debug|Any CPU = Debug|Any CPU
		Release|Any CPU = Release|Any CPU
	EndGlobalSection
	GlobalSection(ProjectConfigurationPlatforms) = postSolution
		{1F9EDDCD-6651-4E83-BC80-7891D3ADFACD}.Debug|Any CPU.ActiveCfg = Debug|Any CPU
		{1F9EDDCD-6651-4E83-BC80-7891D3ADFACD}.Debug|Any CPU.Build.0 = Debug|Any CPU
		{1F9EDDCD-6651-4E83-BC80-7891D3ADFACD}.Release|Any CPU.ActiveCfg = Release|Any CPU
		{1F9EDDCD-6651-4E83-BC80-7891D3ADFACD}.Release|Any CPU.Build.0 = Release|Any CPU
	EndGlobalSection
	GlobalSection(SolutionProperties) = preSolution
		HideSolutionNode = FALSE
	EndGlobalSection
	GlobalSection(ExtensibilityGlobals) = postSolution
		SolutionGuid = {ED569E87-6773-4F22-A804-AA3CF1C8C169}
	EndGlobalSection
EndGlobal
